
Microsoft Visual Studio Solution File, Format Version 12.00
# Visual Studio Version 17
VisualStudioVersion = 17.2.32630.192
MinimumVisualStudioVersion = 10.0.40219.1
Project("{FAE04EC0-301F-11D3-BF4B-00C04F79EFBC}") = "Classes", "Classes\Classes.csproj", "{E5F1FF5E-9257-4D39-80DF-3D58049BB6A7}"
EndProject
Global
	GlobalSection(SolutionConfigurationPlatforms) = preSolution
		Debug|Any CPU = Debug|Any CPU
		Release|Any CPU = Release|Any CPU
	EndGlobalSection
	GlobalSection(ProjectConfigurationPlatforms) = postSolution
		{E5F1FF5E-9257-4D39-80DF-3D58049BB6A7}.Debug|Any CPU.ActiveCfg = Debug|Any CPU
		{E5F1FF5E-9257-4D39-80DF-3D58049BB6A7}.Debug|Any CPU.Build.0 = Debug|Any CPU
		{E5F1FF5E-9257-4D39-80DF-3D58049BB6A7}.Release|Any CPU.ActiveCfg = Release|Any CPU
		{E5F1FF5E-9257-4D39-80DF-3D58049BB6A7}.Release|Any CPU.Build.0 = Release|Any CPU
	EndGlobalSection
	GlobalSection(SolutionProperties) = preSolution
		HideSolutionNode = FALSE
	EndGlobalSection
	GlobalSection(ExtensibilityGlobals) = postSolution
		SolutionGuid = {FB259DA2-3853-4D30-AA02-5747DE95CBC1}
	EndGlobalSection
EndGlobal
